
Microsoft Visual Studio Solution File, Format Version 12.00
# Visual Studio Version 16
VisualStudioVersion = 16.0.33927.289
MinimumVisualStudioVersion = 10.0.40219.1
Project("{FAE04EC0-301F-11D3-BF4B-00C04F79EFBC}") = "Attendence_Leave", "Attendence_Leave\Attendence_Leave.csproj", "{62E171E5-A649-4697-9BE4-1AE850E1638F}"
EndProject
Global
	GlobalSection(SolutionConfigurationPlatforms) = preSolution
		Debug|Any CPU = Debug|Any CPU
		Release|Any CPU = Release|Any CPU
	EndGlobalSection
	GlobalSection(ProjectConfigurationPlatforms) = postSolution
		{62E171E5-A649-4697-9BE4-1AE850E1638F}.Debug|Any CPU.ActiveCfg = Debug|Any CPU
		{62E171E5-A649-4697-9BE4-1AE850E1638F}.Debug|Any CPU.Build.0 = Debug|Any CPU
		{62E171E5-A649-4697-9BE4-1AE850E1638F}.Release|Any CPU.ActiveCfg = Release|Any CPU
		{62E171E5-A649-4697-9BE4-1AE850E1638F}.Release|Any CPU.Build.0 = Release|Any CPU
	EndGlobalSection
	GlobalSection(SolutionProperties) = preSolution
		HideSolutionNode = FALSE
	EndGlobalSection
	GlobalSection(ExtensibilityGlobals) = postSolution
		SolutionGuid = {68899040-FA13-4F81-8029-60F0E9C53E45}
	EndGlobalSection
EndGlobal
